
Microsoft Visual Studio Solution File, Format Version 12.00
# Visual Studio Version 16
VisualStudioVersion = 16.0.31112.23
MinimumVisualStudioVersion = 10.0.40219.1
Project("{9A19103F-16F7-4668-BE54-9A1E7A4F7556}") = "MudBlazorApp", "MudBlazorApp\MudBlazorApp.csproj", "{330B0F98-C61C-4FEA-93EF-F7C4FC877756}"
EndProject
Global
	GlobalSection(SolutionConfigurationPlatforms) = preSolution
		Debug|Any CPU = Debug|Any CPU
		Release|Any CPU = Release|Any CPU
	EndGlobalSection
	GlobalSection(ProjectConfigurationPlatforms) = postSolution
		{330B0F98-C61C-4FEA-93EF-F7C4FC877756}.Debug|Any CPU.ActiveCfg = Debug|Any CPU
		{330B0F98-C61C-4FEA-93EF-F7C4FC877756}.Debug|Any CPU.Build.0 = Debug|Any CPU
		{330B0F98-C61C-4FEA-93EF-F7C4FC877756}.Release|Any CPU.ActiveCfg = Release|Any CPU
		{330B0F98-C61C-4FEA-93EF-F7C4FC877756}.Release|Any CPU.Build.0 = Release|Any CPU
	EndGlobalSection
	GlobalSection(SolutionProperties) = preSolution
		HideSolutionNode = FALSE
	EndGlobalSection
	GlobalSection(ExtensibilityGlobals) = postSolution
		SolutionGuid = {918076A1-4E18-45A4-9AC5-FF72B17F0036}
	EndGlobalSection
EndGlobal
